
Microsoft Visual Studio Solution File, Format Version 12.00
# Visual Studio 15
VisualStudioVersion = 15.0.27703.2035
MinimumVisualStudioVersion = 10.0.40219.1
Project("{FAE04EC0-301F-11D3-BF4B-00C04F79EFBC}") = "hw1303", "hw1303\hw1303.csproj", "{F48DB3D4-1803-4415-8A97-ED73DB78D1DB}"
EndProject
Global
	GlobalSection(SolutionConfigurationPlatforms) = preSolution
		Debug|Any CPU = Debug|Any CPU
		Release|Any CPU = Release|Any CPU
	EndGlobalSection
	GlobalSection(ProjectConfigurationPlatforms) = postSolution
		{F48DB3D4-1803-4415-8A97-ED73DB78D1DB}.Debug|Any CPU.ActiveCfg = Debug|Any CPU
		{F48DB3D4-1803-4415-8A97-ED73DB78D1DB}.Debug|Any CPU.Build.0 = Debug|Any CPU
		{F48DB3D4-1803-4415-8A97-ED73DB78D1DB}.Release|Any CPU.ActiveCfg = Release|Any CPU
		{F48DB3D4-1803-4415-8A97-ED73DB78D1DB}.Release|Any CPU.Build.0 = Release|Any CPU
	EndGlobalSection
	GlobalSection(SolutionProperties) = preSolution
		HideSolutionNode = FALSE
	EndGlobalSection
	GlobalSection(ExtensibilityGlobals) = postSolution
		SolutionGuid = {634EA0FC-AE97-49C2-9D62-D1663A9E83B4}
	EndGlobalSection
EndGlobal
