
Microsoft Visual Studio Solution File, Format Version 12.00
# Visual Studio 15
VisualStudioVersion = 15.0.27004.2006
MinimumVisualStudioVersion = 10.0.40219.1
Project("{FAE04EC0-301F-11D3-BF4B-00C04F79EFBC}") = "1303 lesson", "1303 lesson\1303 lesson.csproj", "{4802F2D2-CE4C-462A-8117-04AD5D72EDED}"
EndProject
Global
	GlobalSection(SolutionConfigurationPlatforms) = preSolution
		Debug|Any CPU = Debug|Any CPU
		Release|Any CPU = Release|Any CPU
	EndGlobalSection
	GlobalSection(ProjectConfigurationPlatforms) = postSolution
		{4802F2D2-CE4C-462A-8117-04AD5D72EDED}.Debug|Any CPU.ActiveCfg = Debug|Any CPU
		{4802F2D2-CE4C-462A-8117-04AD5D72EDED}.Debug|Any CPU.Build.0 = Debug|Any CPU
		{4802F2D2-CE4C-462A-8117-04AD5D72EDED}.Release|Any CPU.ActiveCfg = Release|Any CPU
		{4802F2D2-CE4C-462A-8117-04AD5D72EDED}.Release|Any CPU.Build.0 = Release|Any CPU
	EndGlobalSection
	GlobalSection(SolutionProperties) = preSolution
		HideSolutionNode = FALSE
	EndGlobalSection
	GlobalSection(ExtensibilityGlobals) = postSolution
		SolutionGuid = {DBD09C95-6963-4AA1-AD36-1A7962F8C82D}
	EndGlobalSection
EndGlobal
